
Microsoft Visual Studio Solution File, Format Version 12.00
# Visual Studio Version 17
VisualStudioVersion = 17.9.34622.214
MinimumVisualStudioVersion = 10.0.40219.1
Project("{FAE04EC0-301F-11D3-BF4B-00C04F79EFBC}") = "NET.BEG2BaiTapNhom", "NET.BEG2BaiTapNhom\NET.BEG2BaiTapNhom.csproj", "{BA5786E9-8AD0-4BE7-AAEF-9E257CD9154B}"
EndProject
Global
	GlobalSection(SolutionConfigurationPlatforms) = preSolution
		Debug|Any CPU = Debug|Any CPU
		Release|Any CPU = Release|Any CPU
	EndGlobalSection
	GlobalSection(ProjectConfigurationPlatforms) = postSolution
		{BA5786E9-8AD0-4BE7-AAEF-9E257CD9154B}.Debug|Any CPU.ActiveCfg = Debug|Any CPU
		{BA5786E9-8AD0-4BE7-AAEF-9E257CD9154B}.Debug|Any CPU.Build.0 = Debug|Any CPU
		{BA5786E9-8AD0-4BE7-AAEF-9E257CD9154B}.Release|Any CPU.ActiveCfg = Release|Any CPU
		{BA5786E9-8AD0-4BE7-AAEF-9E257CD9154B}.Release|Any CPU.Build.0 = Release|Any CPU
	EndGlobalSection
	GlobalSection(SolutionProperties) = preSolution
		HideSolutionNode = FALSE
	EndGlobalSection
	GlobalSection(ExtensibilityGlobals) = postSolution
		SolutionGuid = {89C8537A-2446-4FA2-9EAD-5E412D473F97}
	EndGlobalSection
EndGlobal
